{
    "_readme": [
        "This file locks the dependencies of your project to a known state",
        "Read more about it at http://getcomposer.org/doc/01-basic-usage.md#composer-lock-the-lock-file"
    ],
    "hash": "607c510336c5e12740185fabd3c1c000",
    "packages": [
        {
            "name": "doctrine/annotations",
            "version": "v1.1.2",
            "source": {
                "type": "git",
                "url": "https://github.com/doctrine/annotations.git",
                "reference": "40db0c96985aab2822edbc4848b3bd2429e02670"
            },
            "dist": {
                "type": "zip",
                "url": "https://api.github.com/repos/doctrine/annotations/zipball/40db0c96985aab2822edbc4848b3bd2429e02670",
                "reference": "40db0c96985aab2822edbc4848b3bd2429e02670",
                "shasum": ""
            },
            "require": {
                "doctrine/lexer": "1.*",
                "php": ">=5.3.2"
            },
            "require-dev": {
                "doctrine/cache": "1.*"
            },
            "type": "library",
            "extra": {
                "branch-alias": {
                    "dev-master": "1.0.x-dev"
                }
            },
            "autoload": {
                "psr-0": {
                    "Doctrine\\Common\\Annotations\\": "lib/"
                }
            },
            "notification-url": "https://packagist.org/downloads/",
            "license": [
                "MIT"
            ],
            "authors": [
                {
                    "name": "Jonathan Wage",
                    "email": "jonwage@gmail.com",
                    "homepage": "http://www.jwage.com/",
                    "role": "Creator"
                },
                {
                    "name": "Guilherme Blanco",
                    "email": "guilhermeblanco@gmail.com",
                    "homepage": "http://www.instaclick.com"
                },
                {
                    "name": "Roman Borschel",
                    "email": "roman@code-factory.org"
                },
                {
                    "name": "Benjamin Eberlei",
                    "email": "kontakt@beberlei.de"
                },
                {
                    "name": "Johannes Schmitt",
                    "email": "schmittjoh@gmail.com",
                    "homepage": "http://jmsyst.com",
                    "role": "Developer of wrapped JMSSerializerBundle"
                }
            ],
            "description": "Docblock Annotations Parser",
            "homepage": "http://www.doctrine-project.org",
            "keywords": [
                "annotations",
                "docblock",
                "parser"
            ],
            "time": "2013-06-16 21:33:03"
        },
        {
            "name": "doctrine/cache",
            "version": "v1.3.0",
            "source": {
                "type": "git",
                "url": "https://github.com/doctrine/cache.git",
                "reference": "e16d7adf45664a50fa86f515b6d5e7f670130449"
            },
            "dist": {
                "type": "zip",
                "url": "https://api.github.com/repos/doctrine/cache/zipball/e16d7adf45664a50fa86f515b6d5e7f670130449",
                "reference": "e16d7adf45664a50fa86f515b6d5e7f670130449",
                "shasum": ""
            },
            "require": {
                "php": ">=5.3.2"
            },
            "conflict": {
                "doctrine/common": ">2.2,<2.4"
            },
            "require-dev": {
                "phpunit/phpunit": ">=3.7",
                "satooshi/php-coveralls": "~0.6"
            },
            "type": "library",
            "extra": {
                "branch-alias": {
                    "dev-master": "1.0.x-dev"
                }
            },
            "autoload": {
                "psr-0": {
                    "Doctrine\\Common\\Cache\\": "lib/"
                }
            },
            "notification-url": "https://packagist.org/downloads/",
            "license": [
                "MIT"
            ],
            "authors": [
                {
                    "name": "Jonathan H. Wage",
                    "email": "jonwage@gmail.com",
                    "homepage": "http://www.jwage.com/",
                    "role": "Creator"
                },
                {
                    "name": "Guilherme Blanco",
                    "email": "guilhermeblanco@gmail.com",
                    "homepage": "http://www.instaclick.com"
                },
                {
                    "name": "Roman Borschel",
                    "email": "roman@code-factory.org"
                },
                {
                    "name": "Benjamin Eberlei",
                    "email": "kontakt@beberlei.de"
                },
                {
                    "name": "Johannes Schmitt",
                    "email": "schmittjoh@gmail.com",
                    "homepage": "http://jmsyst.com",
                    "role": "Developer of wrapped JMSSerializerBundle"
                }
            ],
            "description": "Caching library offering an object-oriented API for many cache backends",
            "homepage": "http://www.doctrine-project.org",
            "keywords": [
                "cache",
                "caching"
            ],
            "time": "2013-10-25 19:04:14"
        },
        {
            "name": "doctrine/collections",
            "version": "v1.2",
            "source": {
                "type": "git",
                "url": "https://github.com/doctrine/collections.git",
                "reference": "b99c5c46c87126201899afe88ec490a25eedd6a2"
            },
            "dist": {
                "type": "zip",
                "url": "https://api.github.com/repos/doctrine/collections/zipball/b99c5c46c87126201899afe88ec490a25eedd6a2",
                "reference": "b99c5c46c87126201899afe88ec490a25eedd6a2",
                "shasum": ""
            },
            "require": {
                "php": ">=5.3.2"
            },
            "type": "library",
            "extra": {
                "branch-alias": {
                    "dev-master": "1.2.x-dev"
                }
            },
            "autoload": {
                "psr-0": {
                    "Doctrine\\Common\\Collections\\": "lib/"
                }
            },
            "notification-url": "https://packagist.org/downloads/",
            "license": [
                "MIT"
            ],
            "authors": [
                {
                    "name": "Jonathan Wage",
                    "email": "jonwage@gmail.com",
                    "homepage": "http://www.jwage.com/",
                    "role": "Creator"
                },
                {
                    "name": "Guilherme Blanco",
                    "email": "guilhermeblanco@gmail.com",
                    "homepage": "http://www.instaclick.com"
                },
                {
                    "name": "Roman Borschel",
                    "email": "roman@code-factory.org"
                },
                {
                    "name": "Benjamin Eberlei",
                    "email": "kontakt@beberlei.de"
                },
                {
                    "name": "Johannes Schmitt",
                    "email": "schmittjoh@gmail.com",
                    "homepage": "http://jmsyst.com",
                    "role": "Developer of wrapped JMSSerializerBundle"
                }
            ],
            "description": "Collections Abstraction library",
            "homepage": "http://www.doctrine-project.org",
            "keywords": [
                "array",
                "collections",
                "iterator"
            ],
            "time": "2014-02-03 23:07:43"
        },
        {
            "name": "doctrine/common",
            "version": "v2.4.2",
            "source": {
                "type": "git",
                "url": "https://github.com/doctrine/common.git",
                "reference": "5db6ab40e4c531f14dad4ca96a394dfce5d4255b"
            },
            "dist": {
                "type": "zip",
                "url": "https://api.github.com/repos/doctrine/common/zipball/5db6ab40e4c531f14dad4ca96a394dfce5d4255b",
                "reference": "5db6ab40e4c531f14dad4ca96a394dfce5d4255b",
                "shasum": ""
            },
            "require": {
                "doctrine/annotations": "1.*",
                "doctrine/cache": "1.*",
                "doctrine/collections": "1.*",
                "doctrine/inflector": "1.*",
                "doctrine/lexer": "1.*",
                "php": ">=5.3.2"
            },
            "require-dev": {
                "phpunit/phpunit": "~3.7"
            },
            "type": "library",
            "extra": {
                "branch-alias": {
                    "dev-master": "2.4.x-dev"
                }
            },
            "autoload": {
                "psr-0": {
                    "Doctrine\\Common\\": "lib/"
                }
            },
            "notification-url": "https://packagist.org/downloads/",
            "license": [
                "MIT"
            ],
            "authors": [
                {
                    "name": "Jonathan Wage",
                    "email": "jonwage@gmail.com",
                    "homepage": "http://www.jwage.com/",
                    "role": "Creator"
                },
                {
                    "name": "Guilherme Blanco",
                    "email": "guilhermeblanco@gmail.com",
                    "homepage": "http://www.instaclick.com"
                },
                {
                    "name": "Roman Borschel",
                    "email": "roman@code-factory.org"
                },
                {
                    "name": "Benjamin Eberlei",
                    "email": "kontakt@beberlei.de"
                },
                {
                    "name": "Johannes Schmitt",
                    "email": "schmittjoh@gmail.com",
                    "homepage": "http://jmsyst.com",
                    "role": "Developer of wrapped JMSSerializerBundle"
                }
            ],
            "description": "Common Library for Doctrine projects",
            "homepage": "http://www.doctrine-project.org",
            "keywords": [
                "annotations",
                "collections",
                "eventmanager",
                "persistence",
                "spl"
            ],
            "time": "2014-05-21 19:28:51"
        },
        {
            "name": "doctrine/dbal",
            "version": "v2.5.0-BETA3",
            "source": {
                "type": "git",
                "url": "https://github.com/doctrine/dbal.git",
                "reference": "812dd9dab5412f63d28da8b24868059f6dc45b56"
            },
            "dist": {
                "type": "zip",
                "url": "https://api.github.com/repos/doctrine/dbal/zipball/812dd9dab5412f63d28da8b24868059f6dc45b56",
                "reference": "812dd9dab5412f63d28da8b24868059f6dc45b56",
                "shasum": ""
            },
            "require": {
                "doctrine/common": "2.4.*",
                "php": ">=5.3.2"
            },
            "require-dev": {
                "phpunit/phpunit": "3.7.*",
                "symfony/console": "2.*"
            },
            "suggest": {
                "symfony/console": "Allows use of the command line interface"
            },
            "type": "library",
            "extra": {
                "branch-alias": {
                    "dev-master": "2.5.x-dev"
                }
            },
            "autoload": {
                "psr-0": {
                    "Doctrine\\DBAL\\": "lib/"
                }
            },
            "notification-url": "https://packagist.org/downloads/",
            "license": [
                "MIT"
            ],
            "authors": [
                {
                    "name": "Jonathan Wage",
                    "email": "jonwage@gmail.com",
                    "homepage": "http://www.jwage.com/",
                    "role": "Creator"
                },
                {
                    "name": "Guilherme Blanco",
                    "email": "guilhermeblanco@gmail.com",
                    "homepage": "http://www.instaclick.com"
                },
                {
                    "name": "Roman Borschel",
                    "email": "roman@code-factory.org"
                },
                {
                    "name": "Benjamin Eberlei",
                    "email": "kontakt@beberlei.de"
                }
            ],
            "description": "Database Abstraction Layer",
            "homepage": "http://www.doctrine-project.org",
            "keywords": [
                "database",
                "dbal",
                "persistence",
                "queryobject"
            ],
            "time": "2014-02-16 21:34:25"
        },
        {
            "name": "doctrine/inflector",
            "version": "v1.0",
            "source": {
                "type": "git",
                "url": "https://github.com/doctrine/inflector.git",
                "reference": "54b8333d2a5682afdc690060c1cf384ba9f47f08"
            },
            "dist": {
                "type": "zip",
                "url": "https://api.github.com/repos/doctrine/inflector/zipball/54b8333d2a5682afdc690060c1cf384ba9f47f08",
                "reference": "54b8333d2a5682afdc690060c1cf384ba9f47f08",
                "shasum": ""
            },
            "require": {
                "php": ">=5.3.2"
            },
            "type": "library",
            "autoload": {
                "psr-0": {
                    "Doctrine\\Common\\Inflector\\": "lib/"
                }
            },
            "notification-url": "https://packagist.org/downloads/",
            "license": [
                "MIT"
            ],
            "authors": [
                {
                    "name": "Jonathan Wage",
                    "email": "jonwage@gmail.com",
                    "homepage": "http://www.jwage.com/",
                    "role": "Creator"
                },
                {
                    "name": "Guilherme Blanco",
                    "email": "guilhermeblanco@gmail.com",
                    "homepage": "http://www.instaclick.com"
                },
                {
                    "name": "Roman Borschel",
                    "email": "roman@code-factory.org"
                },
                {
                    "name": "Benjamin Eberlei",
                    "email": "kontakt@beberlei.de"
                },
                {
                    "name": "Johannes Schmitt",
                    "email": "schmittjoh@gmail.com",
                    "homepage": "http://jmsyst.com",
                    "role": "Developer of wrapped JMSSerializerBundle"
                }
            ],
            "description": "Common String Manipulations with regard to casing and singular/plural rules.",
            "homepage": "http://www.doctrine-project.org",
            "keywords": [
                "inflection",
                "pluarlize",
                "singuarlize",
                "string"
            ],
            "time": "2013-01-10 21:49:15"
        },
        {
            "name": "doctrine/lexer",
            "version": "v1.0",
            "source": {
                "type": "git",
                "url": "https://github.com/doctrine/lexer.git",
                "reference": "2f708a85bb3aab5d99dab8be435abd73e0b18acb"
            },
            "dist": {
                "type": "zip",
                "url": "https://api.github.com/repos/doctrine/lexer/zipball/2f708a85bb3aab5d99dab8be435abd73e0b18acb",
                "reference": "2f708a85bb3aab5d99dab8be435abd73e0b18acb",
                "shasum": ""
            },
            "require": {
                "php": ">=5.3.2"
            },
            "type": "library",
            "autoload": {
                "psr-0": {
                    "Doctrine\\Common\\Lexer\\": "lib/"
                }
            },
            "notification-url": "https://packagist.org/downloads/",
            "license": [
                "MIT"
            ],
            "authors": [
                {
                    "name": "Guilherme Blanco",
                    "email": "guilhermeblanco@gmail.com",
                    "homepage": "http://www.instaclick.com"
                },
                {
                    "name": "Roman Borschel",
                    "email": "roman@code-factory.org"
                },
                {
                    "name": "Johannes Schmitt",
                    "email": "schmittjoh@gmail.com",
                    "homepage": "http://jmsyst.com",
                    "role": "Developer of wrapped JMSSerializerBundle"
                }
            ],
            "description": "Base library for a lexer that can be used in Top-Down, Recursive Descent Parsers.",
            "homepage": "http://www.doctrine-project.org",
            "keywords": [
                "lexer",
                "parser"
            ],
            "time": "2013-01-12 18:59:04"
        },
        {
            "name": "doctrine/orm",
            "version": "dev-master",
            "source": {
                "type": "git",
                "url": "https://github.com/doctrine/doctrine2.git",
                "reference": "466808bf487ef2b0e760ca96deba55335ebdac5d"
            },
            "dist": {
                "type": "zip",
                "url": "https://api.github.com/repos/doctrine/doctrine2/zipball/466808bf487ef2b0e760ca96deba55335ebdac5d",
                "reference": "466808bf487ef2b0e760ca96deba55335ebdac5d",
                "shasum": ""
            },
            "require": {
                "doctrine/collections": "~1.2",
                "doctrine/dbal": ">=2.5-dev,<2.6-dev",
                "ext-pdo": "*",
                "php": ">=5.3.2",
                "symfony/console": "2.*"
            },
            "require-dev": {
                "phpunit/phpunit": "~4.0",
                "satooshi/php-coveralls": "dev-master",
                "symfony/yaml": "~2.1"
            },
            "suggest": {
                "symfony/yaml": "If you want to use YAML Metadata Mapping Driver"
            },
            "bin": [
                "bin/doctrine",
                "bin/doctrine.php"
            ],
            "type": "library",
            "extra": {
                "branch-alias": {
                    "dev-master": "2.5.x-dev"
                }
            },
            "autoload": {
                "psr-0": {
                    "Doctrine\\ORM\\": "lib/"
                }
            },
            "notification-url": "https://packagist.org/downloads/",
            "license": [
                "MIT"
            ],
            "authors": [
                {
                    "name": "Jonathan Wage",
                    "email": "jonwage@gmail.com",
                    "homepage": "http://www.jwage.com/",
                    "role": "Creator"
                },
                {
                    "name": "Guilherme Blanco",
                    "email": "guilhermeblanco@gmail.com",
                    "homepage": "http://www.instaclick.com"
                },
                {
                    "name": "Roman Borschel",
                    "email": "roman@code-factory.org"
                },
                {
                    "name": "Benjamin Eberlei",
                    "email": "kontakt@beberlei.de"
                }
            ],
            "description": "Object-Relational-Mapper for PHP",
            "homepage": "http://www.doctrine-project.org",
            "keywords": [
                "database",
                "orm"
            ],
            "time": "2014-05-27 14:56:08"
        },
        {
            "name": "google/api-client",
            "version": "dev-master",
            "source": {
                "type": "git",
                "url": "https://github.com/Block8/Google-API.git",
                "reference": "27b0dd6c10e00bbb66f1e57101cc185d3b2bef73"
            },
            "dist": {
                "type": "zip",
                "url": "https://api.github.com/repos/Block8/Google-API/zipball/27b0dd6c10e00bbb66f1e57101cc185d3b2bef73",
                "reference": "27b0dd6c10e00bbb66f1e57101cc185d3b2bef73",
                "shasum": ""
            },
            "require": {
                "php": ">=5.3.0"
            },
            "type": "library",
            "autoload": {
                "classmap": [
                    "src/"
                ]
            },
            "notification-url": "https://packagist.org/downloads/",
            "license": [
                "Apache-2.0"
            ],
            "authors": [
                {
                    "name": "Dan Cryer",
                    "email": "dan@block8.co.uk",
                    "homepage": "http://www.block8.co.uk/"
                },
                {
                    "name": "Google",
                    "email": "noreply@google.com",
                    "homepage": "http://www.google.com/"
                }
            ],
            "description": "PHP Client for Google APIs",
            "homepage": "https://github.com/block8/google-api",
            "keywords": [
                "adsense",
                "adwords",
                "analytics",
                "api",
                "chrome",
                "client",
                "compute",
                "drive",
                "google",
                "php",
                "plus",
                "search",
                "youtube"
            ],
            "time": "2013-06-08 08:53:50"
        },
        {
            "name": "klein/klein",
            "version": "dev-master",
            "source": {
                "type": "git",
                "url": "https://github.com/chriso/klein.php.git",
                "reference": "376fd62813eb2008f3644e206d03002a3250122a"
            },
            "dist": {
                "type": "zip",
                "url": "https://api.github.com/repos/chriso/klein.php/zipball/376fd62813eb2008f3644e206d03002a3250122a",
                "reference": "376fd62813eb2008f3644e206d03002a3250122a",
                "shasum": ""
            },
            "require": {
                "php": ">=5.3.0"
            },
            "require-dev": {
                "phpunit/php-code-coverage": "1.2.x",
                "phpunit/phpunit": "3.7.x",
                "squizlabs/php_codesniffer": "1.4.8"
            },
            "type": "library",
            "autoload": {
                "psr-0": {
                    "Klein": "src/"
                }
            },
            "notification-url": "https://packagist.org/downloads/",
            "license": [
                "MIT"
            ],
            "authors": [
                {
                    "name": "Chris O'Hara",
                    "email": "cohara87@gmail.com",
                    "homepage": "http://chris6f.com/",
                    "role": "Creator/Developer"
                },
                {
                    "name": "Trevor Suarez",
                    "email": "rican7@gmail.com",
                    "homepage": "http://about.me/tnsuarez",
                    "role": "Contributor/Developer"
                }
            ],
            "description": "A lightning fast router for PHP",
            "homepage": "https://github.com/chriso/klein.php",
            "keywords": [
                "boilerplate",
                "router",
                "routing",
                "sinatra"
            ],
            "time": "2014-01-14 15:05:43"
        },
        {
            "name": "nategood/httpful",
            "version": "dev-dev",
            "source": {
                "type": "git",
                "url": "https://github.com/nategood/httpful.git",
                "reference": "a7a0539fd26fdbe70cfb64b38394976194806cc2"
            },
            "dist": {
                "type": "zip",
                "url": "https://api.github.com/repos/nategood/httpful/zipball/a7a0539fd26fdbe70cfb64b38394976194806cc2",
                "reference": "a7a0539fd26fdbe70cfb64b38394976194806cc2",
                "shasum": ""
            },
            "require": {
                "ext-curl": "*",
                "php": ">=5.3"
            },
            "require-dev": {
                "phpunit/phpunit": "*"
            },
            "type": "library",
            "autoload": {
                "psr-0": {
                    "Httpful": "src/"
                }
            },
            "notification-url": "https://packagist.org/downloads/",
            "license": [
                "MIT"
            ],
            "authors": [
                {
                    "name": "Nate Good",
                    "email": "me@nategood.com",
                    "homepage": "http://nategood.com"
                }
            ],
            "description": "A Readable, Chainable, REST friendly, PHP HTTP Client",
            "homepage": "http://github.com/nategood/httpful",
            "keywords": [
                "api",
                "curl",
                "http",
                "requests",
                "rest",
                "restful"
            ],
            "time": "2014-05-23 16:03:23"
        },
        {
            "name": "symfony/console",
            "version": "v2.5.0-BETA2",
            "target-dir": "Symfony/Component/Console",
            "source": {
                "type": "git",
                "url": "https://github.com/symfony/Console.git",
                "reference": "d12686cea4e1155ed93449c0bca9db223f31bb2d"
            },
            "dist": {
                "type": "zip",
                "url": "https://api.github.com/repos/symfony/Console/zipball/d12686cea4e1155ed93449c0bca9db223f31bb2d",
                "reference": "d12686cea4e1155ed93449c0bca9db223f31bb2d",
                "shasum": ""
            },
            "require": {
                "php": ">=5.3.3"
            },
            "require-dev": {
                "psr/log": "~1.0",
                "symfony/event-dispatcher": "~2.1"
            },
            "suggest": {
                "psr/log": "For using the console logger",
                "symfony/event-dispatcher": ""
            },
            "type": "library",
            "extra": {
                "branch-alias": {
                    "dev-master": "2.5-dev"
                }
            },
            "autoload": {
                "psr-0": {
                    "Symfony\\Component\\Console\\": ""
                }
            },
            "notification-url": "https://packagist.org/downloads/",
            "license": [
                "MIT"
            ],
            "authors": [
                {
                    "name": "Fabien Potencier",
                    "email": "fabien@symfony.com",
                    "homepage": "http://fabien.potencier.org",
                    "role": "Lead Developer"
                },
                {
                    "name": "Symfony Community",
                    "homepage": "http://symfony.com/contributors"
                }
            ],
            "description": "Symfony Console Component",
            "homepage": "http://symfony.com",
            "time": "2014-04-28 13:26:08"
        },
        {
            "name": "symfony/http-foundation",
            "version": "2.5.x-dev",
            "target-dir": "Symfony/Component/HttpFoundation",
            "source": {
                "type": "git",
                "url": "https://github.com/symfony/HttpFoundation.git",
                "reference": "044085422005aa3258fb3f710a7bf0202011f259"
            },
            "dist": {
                "type": "zip",
                "url": "https://api.github.com/repos/symfony/HttpFoundation/zipball/044085422005aa3258fb3f710a7bf0202011f259",
                "reference": "044085422005aa3258fb3f710a7bf0202011f259",
                "shasum": ""
            },
            "require": {
                "php": ">=5.3.3"
            },
            "require-dev": {
                "symfony/expression-language": "~2.4"
            },
            "type": "library",
            "extra": {
                "branch-alias": {
                    "dev-master": "2.5-dev"
                }
            },
            "autoload": {
                "psr-0": {
                    "Symfony\\Component\\HttpFoundation\\": ""
                },
                "classmap": [
                    "Symfony/Component/HttpFoundation/Resources/stubs"
                ]
            },
            "notification-url": "https://packagist.org/downloads/",
            "license": [
                "MIT"
            ],
            "authors": [
                {
                    "name": "Fabien Potencier",
                    "email": "fabien@symfony.com",
                    "homepage": "http://fabien.potencier.org",
                    "role": "Lead Developer"
                },
                {
                    "name": "Symfony Community",
                    "homepage": "http://symfony.com/contributors"
                }
            ],
            "description": "Symfony HttpFoundation Component",
            "homepage": "http://symfony.com",
            "time": "2014-05-26 19:02:40"
        },
        {
            "name": "symfony/routing",
            "version": "dev-master",
            "target-dir": "Symfony/Component/Routing",
            "source": {
                "type": "git",
                "url": "https://github.com/symfony/Routing.git",
                "reference": "a2e4f27cc8c2b3f9d9399b42fefdbd697c3d4dc5"
            },
            "dist": {
                "type": "zip",
                "url": "https://api.github.com/repos/symfony/Routing/zipball/a2e4f27cc8c2b3f9d9399b42fefdbd697c3d4dc5",
                "reference": "a2e4f27cc8c2b3f9d9399b42fefdbd697c3d4dc5",
                "shasum": ""
            },
            "require": {
                "php": ">=5.3.3"
            },
            "require-dev": {
                "doctrine/annotations": "~1.0",
                "psr/log": "~1.0",
                "symfony/config": "~2.2",
                "symfony/expression-language": "~2.4",
                "symfony/yaml": "~2.0"
            },
            "suggest": {
                "doctrine/annotations": "For using the annotation loader",
                "symfony/config": "For using the all-in-one router or any loader",
                "symfony/expression-language": "For using expression matching",
                "symfony/yaml": "For using the YAML loader"
            },
            "type": "library",
            "extra": {
                "branch-alias": {
                    "dev-master": "2.6-dev"
                }
            },
            "autoload": {
                "psr-0": {
                    "Symfony\\Component\\Routing\\": ""
                }
            },
            "notification-url": "https://packagist.org/downloads/",
            "license": [
                "MIT"
            ],
            "authors": [
                {
                    "name": "Fabien Potencier",
                    "email": "fabien@symfony.com",
                    "homepage": "http://fabien.potencier.org",
                    "role": "Lead Developer"
                },
                {
                    "name": "Symfony Community",
                    "homepage": "http://symfony.com/contributors"
                }
            ],
            "description": "Symfony Routing Component",
            "homepage": "http://symfony.com",
            "keywords": [
                "router",
                "routing",
                "uri",
                "url"
            ],
            "time": "2014-05-23 14:36:49"
        }
    ],
    "packages-dev": [],
    "aliases": [],
    "minimum-stability": "beta",
    "stability-flags": {
        "nategood/httpful": 20,
        "klein/klein": 20,
        "doctrine/orm": 20,
        "google/api-client": 20,
        "symfony/http-foundation": 20,
        "symfony/routing": 20
    },
    "platform": [],
    "platform-dev": []
}
